
Microsoft Visual Studio Solution File, Format Version 12.00
# Visual Studio Version 16
VisualStudioVersion = 16.0.29613.14
MinimumVisualStudioVersion = 10.0.40219.1
Project("{8BC9CEB8-8B4A-11D0-8D11-00A0C91BC942}") = "CANchangeChecker", "CANchangeChecker\CANchangeChecker.vcxproj", "{D38D7DA6-CC82-43CA-9A28-F26C874BF687}"
EndProject
Global
	GlobalSection(SolutionConfigurationPlatforms) = preSolution
		Debug|x64 = Debug|x64
		Debug|x86 = Debug|x86
		Release|x64 = Release|x64
		Release|x86 = Release|x86
	EndGlobalSection
	GlobalSection(ProjectConfigurationPlatforms) = postSolution
		{D38D7DA6-CC82-43CA-9A28-F26C874BF687}.Debug|x64.ActiveCfg = Debug|x64
		{D38D7DA6-CC82-43CA-9A28-F26C874BF687}.Debug|x64.Build.0 = Debug|x64
		{D38D7DA6-CC82-43CA-9A28-F26C874BF687}.Debug|x86.ActiveCfg = Debug|Win32
		{D38D7DA6-CC82-43CA-9A28-F26C874BF687}.Debug|x86.Build.0 = Debug|Win32
		{D38D7DA6-CC82-43CA-9A28-F26C874BF687}.Release|x64.ActiveCfg = Release|x64
		{D38D7DA6-CC82-43CA-9A28-F26C874BF687}.Release|x64.Build.0 = Release|x64
		{D38D7DA6-CC82-43CA-9A28-F26C874BF687}.Release|x86.ActiveCfg = Release|Win32
		{D38D7DA6-CC82-43CA-9A28-F26C874BF687}.Release|x86.Build.0 = Release|Win32
	EndGlobalSection
	GlobalSection(SolutionProperties) = preSolution
		HideSolutionNode = FALSE
	EndGlobalSection
	GlobalSection(ExtensibilityGlobals) = postSolution
		SolutionGuid = {3C7F6D0E-2602-4452-837C-34916D86FDFE}
	EndGlobalSection
EndGlobal
